# This file is automatically @generated by Cargo.
# It is not intended for manual editing.
version = 4

[[package]]
name = "colorfully"
version = "0.2.2"
source = "registry+https://github.com/rust-lang/crates.io-index"
checksum = "fbfbd75319e07013e1ba2ae77a293087ddae361c3d8cde344ac6c14eb3d0b460"

[[package]]
name = "core"
version = "0.1.0"
dependencies = [
 "colorfully",
]
